
Microsoft Visual Studio Solution File, Format Version 12.00
# Visual Studio Version 16
VisualStudioVersion = 16.0.30711.63
MinimumVisualStudioVersion = 10.0.40219.1
Project("{FAE04EC0-301F-11D3-BF4B-00C04F79EFBC}") = "Pril", "Pril\Pril.csproj", "{B9DFC7AE-D802-4F56-B72A-4A471F2F9D1D}"
EndProject
Global
	GlobalSection(SolutionConfigurationPlatforms) = preSolution
		Debug|Any CPU = Debug|Any CPU
		Release|Any CPU = Release|Any CPU
	EndGlobalSection
	GlobalSection(ProjectConfigurationPlatforms) = postSolution
		{B9DFC7AE-D802-4F56-B72A-4A471F2F9D1D}.Debug|Any CPU.ActiveCfg = Debug|Any CPU
		{B9DFC7AE-D802-4F56-B72A-4A471F2F9D1D}.Debug|Any CPU.Build.0 = Debug|Any CPU
		{B9DFC7AE-D802-4F56-B72A-4A471F2F9D1D}.Release|Any CPU.ActiveCfg = Release|Any CPU
		{B9DFC7AE-D802-4F56-B72A-4A471F2F9D1D}.Release|Any CPU.Build.0 = Release|Any CPU
	EndGlobalSection
	GlobalSection(SolutionProperties) = preSolution
		HideSolutionNode = FALSE
	EndGlobalSection
	GlobalSection(ExtensibilityGlobals) = postSolution
		SolutionGuid = {3F893F7D-6F38-4667-9ABA-047D8A3DFE8C}
	EndGlobalSection
EndGlobal
